
Microsoft Visual Studio Solution File, Format Version 12.00
# Visual Studio Version 16
VisualStudioVersion = 16.0.30804.86
MinimumVisualStudioVersion = 10.0.40219.1
Project("{9A19103F-16F7-4668-BE54-9A1E7A4F7556}") = "KampIntro", "KampIntro\KampIntro.csproj", "{6B57D515-5B9F-45EA-947E-1C599D5EC9F7}"
EndProject
Project("{FAE04EC0-301F-11D3-BF4B-00C04F79EFBC}") = "Metotlar", "Metotlar\Metotlar.csproj", "{DA252087-A4C6-4F2B-B05E-3D72BAF8C928}"
EndProject
Project("{FAE04EC0-301F-11D3-BF4B-00C04F79EFBC}") = "Matematik", "Matematik\Matematik.csproj", "{303AA3CC-B184-4DA9-AE11-45AA440A246F}"
EndProject
Project("{FAE04EC0-301F-11D3-BF4B-00C04F79EFBC}") = "DegerVeReferansTipler", "DegerVeReferansTipler\DegerVeReferansTipler.csproj", "{BF4524BB-AA94-4173-BC99-16BFD813F2CC}"
EndProject
Global
	GlobalSection(SolutionConfigurationPlatforms) = preSolution
		Debug|Any CPU = Debug|Any CPU
		Release|Any CPU = Release|Any CPU
	EndGlobalSection
	GlobalSection(ProjectConfigurationPlatforms) = postSolution
		{6B57D515-5B9F-45EA-947E-1C599D5EC9F7}.Debug|Any CPU.ActiveCfg = Debug|Any CPU
		{6B57D515-5B9F-45EA-947E-1C599D5EC9F7}.Debug|Any CPU.Build.0 = Debug|Any CPU
		{6B57D515-5B9F-45EA-947E-1C599D5EC9F7}.Release|Any CPU.ActiveCfg = Release|Any CPU
		{6B57D515-5B9F-45EA-947E-1C599D5EC9F7}.Release|Any CPU.Build.0 = Release|Any CPU
		{DA252087-A4C6-4F2B-B05E-3D72BAF8C928}.Debug|Any CPU.ActiveCfg = Debug|Any CPU
		{DA252087-A4C6-4F2B-B05E-3D72BAF8C928}.Debug|Any CPU.Build.0 = Debug|Any CPU
		{DA252087-A4C6-4F2B-B05E-3D72BAF8C928}.Release|Any CPU.ActiveCfg = Release|Any CPU
		{DA252087-A4C6-4F2B-B05E-3D72BAF8C928}.Release|Any CPU.Build.0 = Release|Any CPU
		{303AA3CC-B184-4DA9-AE11-45AA440A246F}.Debug|Any CPU.ActiveCfg = Debug|Any CPU
		{303AA3CC-B184-4DA9-AE11-45AA440A246F}.Debug|Any CPU.Build.0 = Debug|Any CPU
		{303AA3CC-B184-4DA9-AE11-45AA440A246F}.Release|Any CPU.ActiveCfg = Release|Any CPU
		{303AA3CC-B184-4DA9-AE11-45AA440A246F}.Release|Any CPU.Build.0 = Release|Any CPU
		{BF4524BB-AA94-4173-BC99-16BFD813F2CC}.Debug|Any CPU.ActiveCfg = Debug|Any CPU
		{BF4524BB-AA94-4173-BC99-16BFD813F2CC}.Debug|Any CPU.Build.0 = Debug|Any CPU
		{BF4524BB-AA94-4173-BC99-16BFD813F2CC}.Release|Any CPU.ActiveCfg = Release|Any CPU
		{BF4524BB-AA94-4173-BC99-16BFD813F2CC}.Release|Any CPU.Build.0 = Release|Any CPU
	EndGlobalSection
	GlobalSection(SolutionProperties) = preSolution
		HideSolutionNode = FALSE
	EndGlobalSection
	GlobalSection(ExtensibilityGlobals) = postSolution
		SolutionGuid = {509F2DBF-9D73-4047-BD01-D2995D0782CD}
	EndGlobalSection
EndGlobal
